
Microsoft Visual Studio Solution File, Format Version 12.00
# Visual Studio 15
VisualStudioVersion = 15.0.27004.2005
MinimumVisualStudioVersion = 10.0.40219.1
Project("{FAE04EC0-301F-11D3-BF4B-00C04F79EFBC}") = "PlanoParinkimas", "PlanoParinkimas\PlanoParinkimas.csproj", "{0FD73FFE-8C4B-43C0-A7DD-97B1893CF3DE}"
EndProject
Project("{FAE04EC0-301F-11D3-BF4B-00C04F79EFBC}") = "PlanoParinkimasTests", "PlanoParinkimasTests\PlanoParinkimasTests.csproj", "{E3EF2272-B828-41AB-B059-6FA678B06772}"
EndProject
Global
	GlobalSection(SolutionConfigurationPlatforms) = preSolution
		Debug|Any CPU = Debug|Any CPU
		Release|Any CPU = Release|Any CPU
	EndGlobalSection
	GlobalSection(ProjectConfigurationPlatforms) = postSolution
		{0FD73FFE-8C4B-43C0-A7DD-97B1893CF3DE}.Debug|Any CPU.ActiveCfg = Debug|Any CPU
		{0FD73FFE-8C4B-43C0-A7DD-97B1893CF3DE}.Debug|Any CPU.Build.0 = Debug|Any CPU
		{0FD73FFE-8C4B-43C0-A7DD-97B1893CF3DE}.Release|Any CPU.ActiveCfg = Release|Any CPU
		{0FD73FFE-8C4B-43C0-A7DD-97B1893CF3DE}.Release|Any CPU.Build.0 = Release|Any CPU
		{E3EF2272-B828-41AB-B059-6FA678B06772}.Debug|Any CPU.ActiveCfg = Debug|Any CPU
		{E3EF2272-B828-41AB-B059-6FA678B06772}.Debug|Any CPU.Build.0 = Debug|Any CPU
		{E3EF2272-B828-41AB-B059-6FA678B06772}.Release|Any CPU.ActiveCfg = Release|Any CPU
		{E3EF2272-B828-41AB-B059-6FA678B06772}.Release|Any CPU.Build.0 = Release|Any CPU
	EndGlobalSection
	GlobalSection(SolutionProperties) = preSolution
		HideSolutionNode = FALSE
	EndGlobalSection
	GlobalSection(ExtensibilityGlobals) = postSolution
		SolutionGuid = {7D2DAA8E-292C-434D-8B01-37DDF0DDAE26}
	EndGlobalSection
EndGlobal
